
Microsoft Visual Studio Solution File, Format Version 12.00
# Visual Studio Version 16
VisualStudioVersion = 16.0.31605.320
MinimumVisualStudioVersion = 10.0.40219.1
Project("{FAE04EC0-301F-11D3-BF4B-00C04F79EFBC}") = "Crud App", "Crud App\Crud App.csproj", "{019B38E5-4BB6-4B7F-AC3D-E48F26685013}"
EndProject
Global
	GlobalSection(SolutionConfigurationPlatforms) = preSolution
		Debug|Any CPU = Debug|Any CPU
		Release|Any CPU = Release|Any CPU
	EndGlobalSection
	GlobalSection(ProjectConfigurationPlatforms) = postSolution
		{019B38E5-4BB6-4B7F-AC3D-E48F26685013}.Debug|Any CPU.ActiveCfg = Debug|Any CPU
		{019B38E5-4BB6-4B7F-AC3D-E48F26685013}.Debug|Any CPU.Build.0 = Debug|Any CPU
		{019B38E5-4BB6-4B7F-AC3D-E48F26685013}.Release|Any CPU.ActiveCfg = Release|Any CPU
		{019B38E5-4BB6-4B7F-AC3D-E48F26685013}.Release|Any CPU.Build.0 = Release|Any CPU
	EndGlobalSection
	GlobalSection(SolutionProperties) = preSolution
		HideSolutionNode = FALSE
	EndGlobalSection
	GlobalSection(ExtensibilityGlobals) = postSolution
		SolutionGuid = {7D3418C5-762E-44B1-96A6-19D61A1BA8B6}
	EndGlobalSection
EndGlobal
